
Microsoft Visual Studio Solution File, Format Version 12.00
# Visual Studio Version 17
VisualStudioVersion = 17.11.35327.3
MinimumVisualStudioVersion = 10.0.40219.1
Project("{9A19103F-16F7-4668-BE54-9A1E7A4F7556}") = "OptiSolve", "OptiSolve.csproj", "{E946A7D0-3B9C-4346-9C23-93B4CFFF458F}"
EndProject
Global
	GlobalSection(SolutionConfigurationPlatforms) = preSolution
		Debug|Any CPU = Debug|Any CPU
		Release|Any CPU = Release|Any CPU
	EndGlobalSection
	GlobalSection(ProjectConfigurationPlatforms) = postSolution
		{E946A7D0-3B9C-4346-9C23-93B4CFFF458F}.Debug|Any CPU.ActiveCfg = Debug|Any CPU
		{E946A7D0-3B9C-4346-9C23-93B4CFFF458F}.Debug|Any CPU.Build.0 = Debug|Any CPU
		{E946A7D0-3B9C-4346-9C23-93B4CFFF458F}.Release|Any CPU.ActiveCfg = Release|Any CPU
		{E946A7D0-3B9C-4346-9C23-93B4CFFF458F}.Release|Any CPU.Build.0 = Release|Any CPU
	EndGlobalSection
	GlobalSection(SolutionProperties) = preSolution
		HideSolutionNode = FALSE
	EndGlobalSection
	GlobalSection(ExtensibilityGlobals) = postSolution
		SolutionGuid = {EB2DE67A-32B4-4EA3-9777-BCE0411423DA}
	EndGlobalSection
EndGlobal
